
Microsoft Visual Studio Solution File, Format Version 12.00
# Visual Studio 15
VisualStudioVersion = 15.0.27130.2003
MinimumVisualStudioVersion = 10.0.40219.1
Project("{888888A0-9F3D-457C-B088-3A5042F75D52}") = "main programme", "main programme\main programme.pyproj", "{A3E1B63A-5D06-4ED5-9070-BD7BF62E15DD}"
EndProject
Global
	GlobalSection(SolutionConfigurationPlatforms) = preSolution
		Debug|Any CPU = Debug|Any CPU
		Release|Any CPU = Release|Any CPU
	EndGlobalSection
	GlobalSection(ProjectConfigurationPlatforms) = postSolution
		{A3E1B63A-5D06-4ED5-9070-BD7BF62E15DD}.Debug|Any CPU.ActiveCfg = Debug|Any CPU
		{A3E1B63A-5D06-4ED5-9070-BD7BF62E15DD}.Release|Any CPU.ActiveCfg = Release|Any CPU
	EndGlobalSection
	GlobalSection(SolutionProperties) = preSolution
		HideSolutionNode = FALSE
	EndGlobalSection
	GlobalSection(ExtensibilityGlobals) = postSolution
		SolutionGuid = {3BF2CB74-0176-4F10-9E3A-5F76E7C8E08F}
	EndGlobalSection
EndGlobal
